
Microsoft Visual Studio Solution File, Format Version 12.00
# Visual Studio Version 16
VisualStudioVersion = 16.0.30907.101
MinimumVisualStudioVersion = 10.0.40219.1
Project("{FAE04EC0-301F-11D3-BF4B-00C04F79EFBC}") = "TrainStationSimulator", "TrainStationSimulator\TrainStationSimulator.csproj", "{C69AC9CD-000B-4531-9FC4-1D5FA1660506}"
EndProject
Global
	GlobalSection(SolutionConfigurationPlatforms) = preSolution
		Debug|Any CPU = Debug|Any CPU
		Release|Any CPU = Release|Any CPU
	EndGlobalSection
	GlobalSection(ProjectConfigurationPlatforms) = postSolution
		{C69AC9CD-000B-4531-9FC4-1D5FA1660506}.Debug|Any CPU.ActiveCfg = Debug|Any CPU
		{C69AC9CD-000B-4531-9FC4-1D5FA1660506}.Debug|Any CPU.Build.0 = Debug|Any CPU
		{C69AC9CD-000B-4531-9FC4-1D5FA1660506}.Release|Any CPU.ActiveCfg = Release|Any CPU
		{C69AC9CD-000B-4531-9FC4-1D5FA1660506}.Release|Any CPU.Build.0 = Release|Any CPU
	EndGlobalSection
	GlobalSection(SolutionProperties) = preSolution
		HideSolutionNode = FALSE
	EndGlobalSection
	GlobalSection(ExtensibilityGlobals) = postSolution
		SolutionGuid = {735074F7-85F9-4809-ADAF-8752EB95C53F}
	EndGlobalSection
EndGlobal
